
Microsoft Visual Studio Solution File, Format Version 12.00
# Visual Studio Version 16
VisualStudioVersion = 16.6.30114.105
MinimumVisualStudioVersion = 10.0.40219.1
Project("{9A19103F-16F7-4668-BE54-9A1E7A4F7556}") = "Lil.Customers", "Lil.Customers\Lil.Customers.csproj", "{02B7BE4E-5118-4C14-820C-AB8BC18C81CC}"
EndProject
Project("{9A19103F-16F7-4668-BE54-9A1E7A4F7556}") = "Lil.Products", "Lil.Products\Lil.Products.csproj", "{E2465F5F-C7F6-4C1F-AB19-FDC2B33580BC}"
EndProject
Project("{9A19103F-16F7-4668-BE54-9A1E7A4F7556}") = "Lil.Sales", "Lil.Sales\Lil.Sales.csproj", "{039BA3AB-9B50-44A7-AFEF-017A76465AE4}"
EndProject
Project("{9A19103F-16F7-4668-BE54-9A1E7A4F7556}") = "Lil.Search", "Lil.Search\Lil.Search.csproj", "{B5A959FE-44B5-452F-A7F6-A5C56DFD2BE4}"
EndProject
Project("{FAE04EC0-301F-11D3-BF4B-00C04F79EFBC}") = "Lil.Customers.Tests", "Lil.Customers.Tests\Lil.Customers.Tests.csproj", "{5405161A-0E24-4AD7-ABA7-ED217C5D6C84}"
EndProject
Project("{FAE04EC0-301F-11D3-BF4B-00C04F79EFBC}") = "Lil.Products.Tests", "Lil.Products.Tests\Lil.Products.Tests.csproj", "{FC2ECC83-D4EF-4F83-ADF2-E07E5D697935}"
EndProject
Project("{FAE04EC0-301F-11D3-BF4B-00C04F79EFBC}") = "Lil.Sales.Tests", "Lil.Sales.Tests\Lil.Sales.Tests.csproj", "{F5907C57-011E-4ACA-B9A1-2B297AD63022}"
EndProject
Project("{FAE04EC0-301F-11D3-BF4B-00C04F79EFBC}") = "Lil.Search.Tests", "Lil.Search.Tests\Lil.Search.Tests.csproj", "{9A6B250B-773F-4DC1-970E-D7E9F38A3EFB}"
EndProject
Global
	GlobalSection(SolutionConfigurationPlatforms) = preSolution
		Debug|Any CPU = Debug|Any CPU
		Debug|x64 = Debug|x64
		Debug|x86 = Debug|x86
		Release|Any CPU = Release|Any CPU
		Release|x64 = Release|x64
		Release|x86 = Release|x86
	EndGlobalSection
	GlobalSection(ProjectConfigurationPlatforms) = postSolution
		{02B7BE4E-5118-4C14-820C-AB8BC18C81CC}.Debug|Any CPU.ActiveCfg = Debug|Any CPU
		{02B7BE4E-5118-4C14-820C-AB8BC18C81CC}.Debug|Any CPU.Build.0 = Debug|Any CPU
		{02B7BE4E-5118-4C14-820C-AB8BC18C81CC}.Debug|x64.ActiveCfg = Debug|Any CPU
		{02B7BE4E-5118-4C14-820C-AB8BC18C81CC}.Debug|x64.Build.0 = Debug|Any CPU
		{02B7BE4E-5118-4C14-820C-AB8BC18C81CC}.Debug|x86.ActiveCfg = Debug|Any CPU
		{02B7BE4E-5118-4C14-820C-AB8BC18C81CC}.Debug|x86.Build.0 = Debug|Any CPU
		{02B7BE4E-5118-4C14-820C-AB8BC18C81CC}.Release|Any CPU.ActiveCfg = Release|Any CPU
		{02B7BE4E-5118-4C14-820C-AB8BC18C81CC}.Release|Any CPU.Build.0 = Release|Any CPU
		{02B7BE4E-5118-4C14-820C-AB8BC18C81CC}.Release|x64.ActiveCfg = Release|Any CPU
		{02B7BE4E-5118-4C14-820C-AB8BC18C81CC}.Release|x64.Build.0 = Release|Any CPU
		{02B7BE4E-5118-4C14-820C-AB8BC18C81CC}.Release|x86.ActiveCfg = Release|Any CPU
		{02B7BE4E-5118-4C14-820C-AB8BC18C81CC}.Release|x86.Build.0 = Release|Any CPU
		{E2465F5F-C7F6-4C1F-AB19-FDC2B33580BC}.Debug|Any CPU.ActiveCfg = Debug|Any CPU
		{E2465F5F-C7F6-4C1F-AB19-FDC2B33580BC}.Debug|Any CPU.Build.0 = Debug|Any CPU
		{E2465F5F-C7F6-4C1F-AB19-FDC2B33580BC}.Debug|x64.ActiveCfg = Debug|Any CPU
		{E2465F5F-C7F6-4C1F-AB19-FDC2B33580BC}.Debug|x64.Build.0 = Debug|Any CPU
		{E2465F5F-C7F6-4C1F-AB19-FDC2B33580BC}.Debug|x86.ActiveCfg = Debug|Any CPU
		{E2465F5F-C7F6-4C1F-AB19-FDC2B33580BC}.Debug|x86.Build.0 = Debug|Any CPU
		{E2465F5F-C7F6-4C1F-AB19-FDC2B33580BC}.Release|Any CPU.ActiveCfg = Release|Any CPU
		{E2465F5F-C7F6-4C1F-AB19-FDC2B33580BC}.Release|Any CPU.Build.0 = Release|Any CPU
		{E2465F5F-C7F6-4C1F-AB19-FDC2B33580BC}.Release|x64.ActiveCfg = Release|Any CPU
		{E2465F5F-C7F6-4C1F-AB19-FDC2B33580BC}.Release|x64.Build.0 = Release|Any CPU
		{E2465F5F-C7F6-4C1F-AB19-FDC2B33580BC}.Release|x86.ActiveCfg = Release|Any CPU
		{E2465F5F-C7F6-4C1F-AB19-FDC2B33580BC}.Release|x86.Build.0 = Release|Any CPU
		{039BA3AB-9B50-44A7-AFEF-017A76465AE4}.Debug|Any CPU.ActiveCfg = Debug|Any CPU
		{039BA3AB-9B50-44A7-AFEF-017A76465AE4}.Debug|Any CPU.Build.0 = Debug|Any CPU
		{039BA3AB-9B50-44A7-AFEF-017A76465AE4}.Debug|x64.ActiveCfg = Debug|Any CPU
		{039BA3AB-9B50-44A7-AFEF-017A76465AE4}.Debug|x64.Build.0 = Debug|Any CPU
		{039BA3AB-9B50-44A7-AFEF-017A76465AE4}.Debug|x86.ActiveCfg = Debug|Any CPU
		{039BA3AB-9B50-44A7-AFEF-017A76465AE4}.Debug|x86.Build.0 = Debug|Any CPU
		{039BA3AB-9B50-44A7-AFEF-017A76465AE4}.Release|Any CPU.ActiveCfg = Release|Any CPU
		{039BA3AB-9B50-44A7-AFEF-017A76465AE4}.Release|Any CPU.Build.0 = Release|Any CPU
		{039BA3AB-9B50-44A7-AFEF-017A76465AE4}.Release|x64.ActiveCfg = Release|Any CPU
		{039BA3AB-9B50-44A7-AFEF-017A76465AE4}.Release|x64.Build.0 = Release|Any CPU
		{039BA3AB-9B50-44A7-AFEF-017A76465AE4}.Release|x86.ActiveCfg = Release|Any CPU
		{039BA3AB-9B50-44A7-AFEF-017A76465AE4}.Release|x86.Build.0 = Release|Any CPU
		{B5A959FE-44B5-452F-A7F6-A5C56DFD2BE4}.Debug|Any CPU.ActiveCfg = Debug|Any CPU
		{B5A959FE-44B5-452F-A7F6-A5C56DFD2BE4}.Debug|Any CPU.Build.0 = Debug|Any CPU
		{B5A959FE-44B5-452F-A7F6-A5C56DFD2BE4}.Debug|x64.ActiveCfg = Debug|Any CPU
		{B5A959FE-44B5-452F-A7F6-A5C56DFD2BE4}.Debug|x64.Build.0 = Debug|Any CPU
		{B5A959FE-44B5-452F-A7F6-A5C56DFD2BE4}.Debug|x86.ActiveCfg = Debug|Any CPU
		{B5A959FE-44B5-452F-A7F6-A5C56DFD2BE4}.Debug|x86.Build.0 = Debug|Any CPU
		{B5A959FE-44B5-452F-A7F6-A5C56DFD2BE4}.Release|Any CPU.ActiveCfg = Release|Any CPU
		{B5A959FE-44B5-452F-A7F6-A5C56DFD2BE4}.Release|Any CPU.Build.0 = Release|Any CPU
		{B5A959FE-44B5-452F-A7F6-A5C56DFD2BE4}.Release|x64.ActiveCfg = Release|Any CPU
		{B5A959FE-44B5-452F-A7F6-A5C56DFD2BE4}.Release|x64.Build.0 = Release|Any CPU
		{B5A959FE-44B5-452F-A7F6-A5C56DFD2BE4}.Release|x86.ActiveCfg = Release|Any CPU
		{B5A959FE-44B5-452F-A7F6-A5C56DFD2BE4}.Release|x86.Build.0 = Release|Any CPU
		{5405161A-0E24-4AD7-ABA7-ED217C5D6C84}.Debug|Any CPU.ActiveCfg = Debug|Any CPU
		{5405161A-0E24-4AD7-ABA7-ED217C5D6C84}.Debug|Any CPU.Build.0 = Debug|Any CPU
		{5405161A-0E24-4AD7-ABA7-ED217C5D6C84}.Debug|x64.ActiveCfg = Debug|Any CPU
		{5405161A-0E24-4AD7-ABA7-ED217C5D6C84}.Debug|x64.Build.0 = Debug|Any CPU
		{5405161A-0E24-4AD7-ABA7-ED217C5D6C84}.Debug|x86.ActiveCfg = Debug|Any CPU
		{5405161A-0E24-4AD7-ABA7-ED217C5D6C84}.Debug|x86.Build.0 = Debug|Any CPU
		{5405161A-0E24-4AD7-ABA7-ED217C5D6C84}.Release|Any CPU.ActiveCfg = Release|Any CPU
		{5405161A-0E24-4AD7-ABA7-ED217C5D6C84}.Release|Any CPU.Build.0 = Release|Any CPU
		{5405161A-0E24-4AD7-ABA7-ED217C5D6C84}.Release|x64.ActiveCfg = Release|Any CPU
		{5405161A-0E24-4AD7-ABA7-ED217C5D6C84}.Release|x64.Build.0 = Release|Any CPU
		{5405161A-0E24-4AD7-ABA7-ED217C5D6C84}.Release|x86.ActiveCfg = Release|Any CPU
		{5405161A-0E24-4AD7-ABA7-ED217C5D6C84}.Release|x86.Build.0 = Release|Any CPU
		{FC2ECC83-D4EF-4F83-ADF2-E07E5D697935}.Debug|Any CPU.ActiveCfg = Debug|Any CPU
		{FC2ECC83-D4EF-4F83-ADF2-E07E5D697935}.Debug|Any CPU.Build.0 = Debug|Any CPU
		{FC2ECC83-D4EF-4F83-ADF2-E07E5D697935}.Debug|x64.ActiveCfg = Debug|Any CPU
		{FC2ECC83-D4EF-4F83-ADF2-E07E5D697935}.Debug|x64.Build.0 = Debug|Any CPU
		{FC2ECC83-D4EF-4F83-ADF2-E07E5D697935}.Debug|x86.ActiveCfg = Debug|Any CPU
		{FC2ECC83-D4EF-4F83-ADF2-E07E5D697935}.Debug|x86.Build.0 = Debug|Any CPU
		{FC2ECC83-D4EF-4F83-ADF2-E07E5D697935}.Release|Any CPU.ActiveCfg = Release|Any CPU
		{FC2ECC83-D4EF-4F83-ADF2-E07E5D697935}.Release|Any CPU.Build.0 = Release|Any CPU
		{FC2ECC83-D4EF-4F83-ADF2-E07E5D697935}.Release|x64.ActiveCfg = Release|Any CPU
		{FC2ECC83-D4EF-4F83-ADF2-E07E5D697935}.Release|x64.Build.0 = Release|Any CPU
		{FC2ECC83-D4EF-4F83-ADF2-E07E5D697935}.Release|x86.ActiveCfg = Release|Any CPU
		{FC2ECC83-D4EF-4F83-ADF2-E07E5D697935}.Release|x86.Build.0 = Release|Any CPU
		{F5907C57-011E-4ACA-B9A1-2B297AD63022}.Debug|Any CPU.ActiveCfg = Debug|Any CPU
		{F5907C57-011E-4ACA-B9A1-2B297AD63022}.Debug|Any CPU.Build.0 = Debug|Any CPU
		{F5907C57-011E-4ACA-B9A1-2B297AD63022}.Debug|x64.ActiveCfg = Debug|Any CPU
		{F5907C57-011E-4ACA-B9A1-2B297AD63022}.Debug|x64.Build.0 = Debug|Any CPU
		{F5907C57-011E-4ACA-B9A1-2B297AD63022}.Debug|x86.ActiveCfg = Debug|Any CPU
		{F5907C57-011E-4ACA-B9A1-2B297AD63022}.Debug|x86.Build.0 = Debug|Any CPU
		{F5907C57-011E-4ACA-B9A1-2B297AD63022}.Release|Any CPU.ActiveCfg = Release|Any CPU
		{F5907C57-011E-4ACA-B9A1-2B297AD63022}.Release|Any CPU.Build.0 = Release|Any CPU
		{F5907C57-011E-4ACA-B9A1-2B297AD63022}.Release|x64.ActiveCfg = Release|Any CPU
		{F5907C57-011E-4ACA-B9A1-2B297AD63022}.Release|x64.Build.0 = Release|Any CPU
		{F5907C57-011E-4ACA-B9A1-2B297AD63022}.Release|x86.ActiveCfg = Release|Any CPU
		{F5907C57-011E-4ACA-B9A1-2B297AD63022}.Release|x86.Build.0 = Release|Any CPU
		{9A6B250B-773F-4DC1-970E-D7E9F38A3EFB}.Debug|Any CPU.ActiveCfg = Debug|Any CPU
		{9A6B250B-773F-4DC1-970E-D7E9F38A3EFB}.Debug|Any CPU.Build.0 = Debug|Any CPU
		{9A6B250B-773F-4DC1-970E-D7E9F38A3EFB}.Debug|x64.ActiveCfg = Debug|Any CPU
		{9A6B250B-773F-4DC1-970E-D7E9F38A3EFB}.Debug|x64.Build.0 = Debug|Any CPU
		{9A6B250B-773F-4DC1-970E-D7E9F38A3EFB}.Debug|x86.ActiveCfg = Debug|Any CPU
		{9A6B250B-773F-4DC1-970E-D7E9F38A3EFB}.Debug|x86.Build.0 = Debug|Any CPU
		{9A6B250B-773F-4DC1-970E-D7E9F38A3EFB}.Release|Any CPU.ActiveCfg = Release|Any CPU
		{9A6B250B-773F-4DC1-970E-D7E9F38A3EFB}.Release|Any CPU.Build.0 = Release|Any CPU
		{9A6B250B-773F-4DC1-970E-D7E9F38A3EFB}.Release|x64.ActiveCfg = Release|Any CPU
		{9A6B250B-773F-4DC1-970E-D7E9F38A3EFB}.Release|x64.Build.0 = Release|Any CPU
		{9A6B250B-773F-4DC1-970E-D7E9F38A3EFB}.Release|x86.ActiveCfg = Release|Any CPU
		{9A6B250B-773F-4DC1-970E-D7E9F38A3EFB}.Release|x86.Build.0 = Release|Any CPU
	EndGlobalSection
	GlobalSection(SolutionProperties) = preSolution
		HideSolutionNode = FALSE
	EndGlobalSection
	GlobalSection(ExtensibilityGlobals) = postSolution
		SolutionGuid = {E8FB896D-3C8B-41EE-8B7E-87FA57EABD94}
	EndGlobalSection
EndGlobal
